
Microsoft Visual Studio Solution File, Format Version 12.00
# Visual Studio Version 17
VisualStudioVersion = 17.11.35303.130
MinimumVisualStudioVersion = 10.0.40219.1
Project("{FAE04EC0-301F-11D3-BF4B-00C04F79EFBC}") = "HashtableExample", "HashtableExample\HashtableExample.csproj", "{5FD7BFC6-4229-4C29-A556-667E5DFD42E0}"
EndProject
Global
	GlobalSection(SolutionConfigurationPlatforms) = preSolution
		Debug|Any CPU = Debug|Any CPU
		Release|Any CPU = Release|Any CPU
	EndGlobalSection
	GlobalSection(ProjectConfigurationPlatforms) = postSolution
		{5FD7BFC6-4229-4C29-A556-667E5DFD42E0}.Debug|Any CPU.ActiveCfg = Debug|Any CPU
		{5FD7BFC6-4229-4C29-A556-667E5DFD42E0}.Debug|Any CPU.Build.0 = Debug|Any CPU
		{5FD7BFC6-4229-4C29-A556-667E5DFD42E0}.Release|Any CPU.ActiveCfg = Release|Any CPU
		{5FD7BFC6-4229-4C29-A556-667E5DFD42E0}.Release|Any CPU.Build.0 = Release|Any CPU
	EndGlobalSection
	GlobalSection(SolutionProperties) = preSolution
		HideSolutionNode = FALSE
	EndGlobalSection
	GlobalSection(ExtensibilityGlobals) = postSolution
		SolutionGuid = {FF949475-BF67-49E9-96A0-C1BD4912FDB8}
	EndGlobalSection
EndGlobal
